// !$*UTF8*$!
{
	archiveVersion = 1;
	classes = {
	};
	objectVersion = 56;
	objects = {

/* Begin PBXBuildFile section */
		81D076852C64826B00ACE61E /* LiveTrackingMapKitApp.swift in Sources */ = {isa = PBXBuildFile; fileRef = 81D076842C64826B00ACE61E /* LiveTrackingMapKitApp.swift */; };
		81D076872C64826B00ACE61E /* LocationView.swift in Sources */ = {isa = PBXBuildFile; fileRef = 81D076862C64826B00ACE61E /* LocationView.swift */; };
		81D076892C64827200ACE61E /* Assets.xcassets in Resources */ = {isa = PBXBuildFile; fileRef = 81D076882C64827200ACE61E /* Assets.xcassets */; };
		81D0768C2C64827200ACE61E /* Preview Assets.xcassets in Resources */ = {isa = PBXBuildFile; fileRef = 81D0768B2C64827200ACE61E /* Preview Assets.xcassets */; };
		81D076962C64827200ACE61E /* LiveTrackingMapKitTests.swift in Sources */ = {isa = PBXBuildFile; fileRef = 81D076952C64827200ACE61E /* LiveTrackingMapKitTests.swift */; };
		81D076A02C64827200ACE61E /* LiveTrackingMapKitUITests.swift in Sources */ = {isa = PBXBuildFile; fileRef = 81D0769F2C64827200ACE61E /* LiveTrackingMapKitUITests.swift */; };
		81D076A22C64827200ACE61E /* LiveTrackingMapKitUITestsLaunchTests.swift in Sources */ = {isa = PBXBuildFile; fileRef = 81D076A12C64827200ACE61E /* LiveTrackingMapKitUITestsLaunchTests.swift */; };
		81D076AF2C6484AC00ACE61E /* LocationViewViewModel.swift in Sources */ = {isa = PBXBuildFile; fileRef = 81D076AE2C6484AC00ACE61E /* LocationViewViewModel.swift */; };
/* End PBXBuildFile section */

/* Begin PBXContainerItemProxy section */
		81D076922C64827200ACE61E /* PBXContainerItemProxy */ = {
			isa = PBXContainerItemProxy;
			containerPortal = 81D076792C64826B00ACE61E /* Project object */;
			proxyType = 1;
			remoteGlobalIDString = 81D076802C64826B00ACE61E;
			remoteInfo = LiveTrackingMapKit;
		};
		81D0769C2C64827200ACE61E /* PBXContainerItemProxy */ = {
			isa = PBXContainerItemProxy;
			containerPortal = 81D076792C64826B00ACE61E /* Project object */;
			proxyType = 1;
			remoteGlobalIDString = 81D076802C64826B00ACE61E;
			remoteInfo = LiveTrackingMapKit;
		};
/* End PBXContainerItemProxy section */

/* Begin PBXFileReference section */
		81D076812C64826B00ACE61E /* LiveTrackingMapKit.app */ = {isa = PBXFileReference; explicitFileType = wrapper.application; includeInIndex = 0; path = LiveTrackingMapKit.app; sourceTree = BUILT_PRODUCTS_DIR; };
		81D076842C64826B00ACE61E /* LiveTrackingMapKitApp.swift */ = {isa = PBXFileReference; lastKnownFileType = sourcecode.swift; path = LiveTrackingMapKitApp.swift; sourceTree = "<group>"; };
		81D076862C64826B00ACE61E /* LocationView.swift */ = {isa = PBXFileReference; lastKnownFileType = sourcecode.swift; path = LocationView.swift; sourceTree = "<group>"; };
		81D076882C64827200ACE61E /* Assets.xcassets */ = {isa = PBXFileReference; lastKnownFileType = folder.assetcatalog; path = Assets.xcassets; sourceTree = "<group>"; };
		81D0768B2C64827200ACE61E /* Preview Assets.xcassets */ = {isa = PBXFileReference; lastKnownFileType = folder.assetcatalog; path = "Preview Assets.xcassets"; sourceTree = "<group>"; };
		81D076912C64827200ACE61E /* LiveTrackingMapKitTests.xctest */ = {isa = PBXFileReference; explicitFileType = wrapper.cfbundle; includeInIndex = 0; path = LiveTrackingMapKitTests.xctest; sourceTree = BUILT_PRODUCTS_DIR; };
		81D076952C64827200ACE61E /* LiveTrackingMapKitTests.swift */ = {isa = PBXFileReference; lastKnownFileType = sourcecode.swift; path = LiveTrackingMapKitTests.swift; sourceTree = "<group>"; };
		81D0769B2C64827200ACE61E /* LiveTrackingMapKitUITests.xctest */ = {isa = PBXFileReference; explicitFileType = wrapper.cfbundle; includeInIndex = 0; path = LiveTrackingMapKitUITests.xctest; sourceTree = BUILT_PRODUCTS_DIR; };
		81D0769F2C64827200ACE61E /* LiveTrackingMapKitUITests.swift */ = {isa = PBXFileReference; lastKnownFileType = sourcecode.swift; path = LiveTrackingMapKitUITests.swift; sourceTree = "<group>"; };
		81D076A12C64827200ACE61E /* LiveTrackingMapKitUITestsLaunchTests.swift */ = {isa = PBXFileReference; lastKnownFileType = sourcecode.swift; path = LiveTrackingMapKitUITestsLaunchTests.swift; sourceTree = "<group>"; };
		81D076AE2C6484AC00ACE61E /* LocationViewViewModel.swift */ = {isa = PBXFileReference; lastKnownFileType = sourcecode.swift; path = LocationViewViewModel.swift; sourceTree = "<group>"; };
/* End PBXFileReference section */

/* Begin PBXFrameworksBuildPhase section */
		81D0767E2C64826B00ACE61E /* Frameworks */ = {
			isa = PBXFrameworksBuildPhase;
			buildActionMask = 2147483647;
			files = (
			);
			runOnlyForDeploymentPostprocessing = 0;
		};
		81D0768E2C64827200ACE61E /* Frameworks */ = {
			isa = PBXFrameworksBuildPhase;
			buildActionMask = 2147483647;
			files = (
			);
			runOnlyForDeploymentPostprocessing = 0;
		};
		81D076982C64827200ACE61E /* Frameworks */ = {
			isa = PBXFrameworksBuildPhase;
			buildActionMask = 2147483647;
			files = (
			);
			runOnlyForDeploymentPostprocessing = 0;
		};
/* End PBXFrameworksBuildPhase section */

/* Begin PBXGroup section */
		81D076782C64826B00ACE61E = {
			isa = PBXGroup;
			children = (
				81D076832C64826B00ACE61E /* LiveTrackingMapKit */,
				81D076942C64827200ACE61E /* LiveTrackingMapKitTests */,
				81D0769E2C64827200ACE61E /* LiveTrackingMapKitUITests */,
				81D076822C64826B00ACE61E /* Products */,
			);
			sourceTree = "<group>";
		};
		81D076822C64826B00ACE61E /* Products */ = {
			isa = PBXGroup;
			children = (
				81D076812C64826B00ACE61E /* LiveTrackingMapKit.app */,
				81D076912C64827200ACE61E /* LiveTrackingMapKitTests.xctest */,
				81D0769B2C64827200ACE61E /* LiveTrackingMapKitUITests.xctest */,
			);
			name = Products;
			sourceTree = "<group>";
		};
		81D076832C64826B00ACE61E /* LiveTrackingMapKit */ = {
			isa = PBXGroup;
			children = (
				81D076842C64826B00ACE61E /* LiveTrackingMapKitApp.swift */,
				81D076862C64826B00ACE61E /* LocationView.swift */,
				81D076AE2C6484AC00ACE61E /* LocationViewViewModel.swift */,
				81D076882C64827200ACE61E /* Assets.xcassets */,
				81D0768A2C64827200ACE61E /* Preview Content */,
			);
			path = LiveTrackingMapKit;
			sourceTree = "<group>";
		};
		81D0768A2C64827200ACE61E /* Preview Content */ = {
			isa = PBXGroup;
			children = (
				81D0768B2C64827200ACE61E /* Preview Assets.xcassets */,
			);
			path = "Preview Content";
			sourceTree = "<group>";
		};
		81D076942C64827200ACE61E /* LiveTrackingMapKitTests */ = {
			isa = PBXGroup;
			children = (
				81D076952C64827200ACE61E /* LiveTrackingMapKitTests.swift */,
			);
			path = LiveTrackingMapKitTests;
			sourceTree = "<group>";
		};
		81D0769E2C64827200ACE61E /* LiveTrackingMapKitUITests */ = {
			isa = PBXGroup;
			children = (
				81D0769F2C64827200ACE61E /* LiveTrackingMapKitUITests.swift */,
				81D076A12C64827200ACE61E /* LiveTrackingMapKitUITestsLaunchTests.swift */,
			);
			path = LiveTrackingMapKitUITests;
			sourceTree = "<group>";
		};
/* End PBXGroup section */

/* Begin PBXNativeTarget section */
		81D076802C64826B00ACE61E /* LiveTrackingMapKit */ = {
			isa = PBXNativeTarget;
			buildConfigurationList = 81D076A52C64827200ACE61E /* Build configuration list for PBXNativeTarget "LiveTrackingMapKit" */;
			buildPhases = (
				81D0767D2C64826B00ACE61E /* Sources */,
				81D0767E2C64826B00ACE61E /* Frameworks */,
				81D0767F2C64826B00ACE61E /* Resources */,
			);
			buildRules = (
			);
			dependencies = (
			);
			name = LiveTrackingMapKit;
			productName = LiveTrackingMapKit;
			productReference = 81D076812C64826B00ACE61E /* LiveTrackingMapKit.app */;
			productType = "com.apple.product-type.application";
		};
		81D076902C64827200ACE61E /* LiveTrackingMapKitTests */ = {
			isa = PBXNativeTarget;
			buildConfigurationList = 81D076A82C64827200ACE61E /* Build configuration list for PBXNativeTarget "LiveTrackingMapKitTests" */;
			buildPhases = (
				81D0768D2C64827200ACE61E /* Sources */,
				81D0768E2C64827200ACE61E /* Frameworks */,
				81D0768F2C64827200ACE61E /* Resources */,
			);
			buildRules = (
			);
			dependencies = (
				81D076932C64827200ACE61E /* PBXTargetDependency */,
			);
			name = LiveTrackingMapKitTests;
			productName = LiveTrackingMapKitTests;
			productReference = 81D076912C64827200ACE61E /* LiveTrackingMapKitTests.xctest */;
			productType = "com.apple.product-type.bundle.unit-test";
		};
		81D0769A2C64827200ACE61E /* LiveTrackingMapKitUITests */ = {
			isa = PBXNativeTarget;
			buildConfigurationList = 81D076AB2C64827200ACE61E /* Build configuration list for PBXNativeTarget "LiveTrackingMapKitUITests" */;
			buildPhases = (
				81D076972C64827200ACE61E /* Sources */,
				81D076982C64827200ACE61E /* Frameworks */,
				81D076992C64827200ACE61E /* Resources */,
			);
			buildRules = (
			);
			dependencies = (
				81D0769D2C64827200ACE61E /* PBXTargetDependency */,
			);
			name = LiveTrackingMapKitUITests;
			productName = LiveTrackingMapKitUITests;
			productReference = 81D0769B2C64827200ACE61E /* LiveTrackingMapKitUITests.xctest */;
			productType = "com.apple.product-type.bundle.ui-testing";
		};
/* End PBXNativeTarget section */

/* Begin PBXProject section */
		81D076792C64826B00ACE61E /* Project object */ = {
			isa = PBXProject;
			attributes = {
				BuildIndependentTargetsInParallel = 1;
				LastSwiftUpdateCheck = 1520;
				LastUpgradeCheck = 1520;
				TargetAttributes = {
					81D076802C64826B00ACE61E = {
						CreatedOnToolsVersion = 15.2;
					};
					81D076902C64827200ACE61E = {
						CreatedOnToolsVersion = 15.2;
						TestTargetID = 81D076802C64826B00ACE61E;
					};
					81D0769A2C64827200ACE61E = {
						CreatedOnToolsVersion = 15.2;
						TestTargetID = 81D076802C64826B00ACE61E;
					};
				};
			};
			buildConfigurationList = 81D0767C2C64826B00ACE61E /* Build configuration list for PBXProject "LiveTrackingMapKit" */;
			compatibilityVersion = "Xcode 14.0";
			developmentRegion = en;
			hasScannedForEncodings = 0;
			knownRegions = (
				en,
				Base,
			);
			mainGroup = 81D076782C64826B00ACE61E;
			productRefGroup = 81D076822C64826B00ACE61E /* Products */;
			projectDirPath = "";
			projectRoot = "";
			targets = (
				81D076802C64826B00ACE61E /* LiveTrackingMapKit */,
				81D076902C64827200ACE61E /* LiveTrackingMapKitTests */,
				81D0769A2C64827200ACE61E /* LiveTrackingMapKitUITests */,
			);
		};
/* End PBXProject section */

/* Begin PBXResourcesBuildPhase section */
		81D0767F2C64826B00ACE61E /* Resources */ = {
			isa = PBXResourcesBuildPhase;
			buildActionMask = 2147483647;
			files = (
				81D0768C2C64827200ACE61E /* Preview Assets.xcassets in Resources */,
				81D076892C64827200ACE61E /* Assets.xcassets in Resources */,
			);
			runOnlyForDeploymentPostprocessing = 0;
		};
		81D0768F2C64827200ACE61E /* Resources */ = {
			isa = PBXResourcesBuildPhase;
			buildActionMask = 2147483647;
			files = (
			);
			runOnlyForDeploymentPostprocessing = 0;
		};
		81D076992C64827200ACE61E /* Resources */ = {
			isa = PBXResourcesBuildPhase;
			buildActionMask = 2147483647;
			files = (
			);
			runOnlyForDeploymentPostprocessing = 0;
		};
/* End PBXResourcesBuildPhase section */

/* Begin PBXSourcesBuildPhase section */
		81D0767D2C64826B00ACE61E /* Sources */ = {
			isa = PBXSourcesBuildPhase;
			buildActionMask = 2147483647;
			files = (
				81D076AF2C6484AC00ACE61E /* LocationViewViewModel.swift in Sources */,
				81D076872C64826B00ACE61E /* LocationView.swift in Sources */,
				81D076852C64826B00ACE61E /* LiveTrackingMapKitApp.swift in Sources */,
			);
			runOnlyForDeploymentPostprocessing = 0;
		};
		81D0768D2C64827200ACE61E /* Sources */ = {
			isa = PBXSourcesBuildPhase;
			buildActionMask = 2147483647;
			files = (
				81D076962C64827200ACE61E /* LiveTrackingMapKitTests.swift in Sources */,
			);
			runOnlyForDeploymentPostprocessing = 0;
		};
		81D076972C64827200ACE61E /* Sources */ = {
			isa = PBXSourcesBuildPhase;
			buildActionMask = 2147483647;
			files = (
				81D076A02C64827200ACE61E /* LiveTrackingMapKitUITests.swift in Sources */,
				81D076A22C64827200ACE61E /* LiveTrackingMapKitUITestsLaunchTests.swift in Sources */,
			);
			runOnlyForDeploymentPostprocessing = 0;
		};
/* End PBXSourcesBuildPhase section */

/* Begin PBXTargetDependency section */
		81D076932C64827200ACE61E /* PBXTargetDependency */ = {
			isa = PBXTargetDependency;
			target = 81D076802C64826B00ACE61E /* LiveTrackingMapKit */;
			targetProxy = 81D076922C64827200ACE61E /* PBXContainerItemProxy */;
		};
		81D0769D2C64827200ACE61E /* PBXTargetDependency */ = {
			isa = PBXTargetDependency;
			target = 81D076802C64826B00ACE61E /* LiveTrackingMapKit */;
			targetProxy = 81D0769C2C64827200ACE61E /* PBXContainerItemProxy */;
		};
/* End PBXTargetDependency section */

/* Begin XCBuildConfiguration section */
		81D076A32C64827200ACE61E /* Debug */ = {
			isa = XCBuildConfiguration;
			buildSettings = {
				ALWAYS_SEARCH_USER_PATHS = NO;
				ASSETCATALOG_COMPILER_GENERATE_SWIFT_ASSET_SYMBOL_EXTENSIONS = YES;
				CLANG_ANALYZER_NONNULL = YES;
				CLANG_ANALYZER_NUMBER_OBJECT_CONVERSION = YES_AGGRESSIVE;
				CLANG_CXX_LANGUAGE_STANDARD = "gnu++20";
				CLANG_ENABLE_MODULES = YES;
				CLANG_ENABLE_OBJC_ARC = YES;
				CLANG_ENABLE_OBJC_WEAK = YES;
				CLANG_WARN_BLOCK_CAPTURE_AUTORELEASING = YES;
				CLANG_WARN_BOOL_CONVERSION = YES;
				CLANG_WARN_COMMA = YES;
				CLANG_WARN_CONSTANT_CONVERSION = YES;
				CLANG_WARN_DEPRECATED_OBJC_IMPLEMENTATIONS = YES;
				CLANG_WARN_DIRECT_OBJC_ISA_USAGE = YES_ERROR;
				CLANG_WARN_DOCUMENTATION_COMMENTS = YES;
				CLANG_WARN_EMPTY_BODY = YES;
				CLANG_WARN_ENUM_CONVERSION = YES;
				CLANG_WARN_INFINITE_RECURSION = YES;
				CLANG_WARN_INT_CONVERSION = YES;
				CLANG_WARN_NON_LITERAL_NULL_CONVERSION = YES;
				CLANG_WARN_OBJC_IMPLICIT_RETAIN_SELF = YES;
				CLANG_WARN_OBJC_LITERAL_CONVERSION = YES;
				CLANG_WARN_OBJC_ROOT_CLASS = YES_ERROR;
				CLANG_WARN_QUOTED_INCLUDE_IN_FRAMEWORK_HEADER = YES;
				CLANG_WARN_RANGE_LOOP_ANALYSIS = YES;
				CLANG_WARN_STRICT_PROTOTYPES = YES;
				CLANG_WARN_SUSPICIOUS_MOVE = YES;
				CLANG_WARN_UNGUARDED_AVAILABILITY = YES_AGGRESSIVE;
				CLANG_WARN_UNREACHABLE_CODE = YES;
				CLANG_WARN__DUPLICATE_METHOD_MATCH = YES;
				COPY_PHASE_STRIP = NO;
				DEBUG_INFORMATION_FORMAT = dwarf;
				ENABLE_STRICT_OBJC_MSGSEND = YES;
				ENABLE_TESTABILITY = YES;
				ENABLE_USER_SCRIPT_SANDBOXING = YES;
				GCC_C_LANGUAGE_STANDARD = gnu17;
				GCC_DYNAMIC_NO_PIC = NO;
				GCC_NO_COMMON_BLOCKS = YES;
				GCC_OPTIMIZATION_LEVEL = 0;
				GCC_PREPROCESSOR_DEFINITIONS = (
					"DEBUG=1",
					"$(inherited)",
				);
				GCC_WARN_64_TO_32_BIT_CONVERSION = YES;
				GCC_WARN_ABOUT_RETURN_TYPE = YES_ERROR;
				GCC_WARN_UNDECLARED_SELECTOR = YES;
				GCC_WARN_UNINITIALIZED_AUTOS = YES_AGGRESSIVE;
				GCC_WARN_UNUSED_FUNCTION = YES;
				GCC_WARN_UNUSED_VARIABLE = YES;
				IPHONEOS_DEPLOYMENT_TARGET = 17.2;
				LOCALIZATION_PREFERS_STRING_CATALOGS = YES;
				MTL_ENABLE_DEBUG_INFO = INCLUDE_SOURCE;
				MTL_FAST_MATH = YES;
				ONLY_ACTIVE_ARCH = YES;
				SDKROOT = iphoneos;
				SWIFT_ACTIVE_COMPILATION_CONDITIONS = "DEBUG $(inherited)";
				SWIFT_OPTIMIZATION_LEVEL = "-Onone";
			};
			name = Debug;
		};
		81D076A42C64827200ACE61E /* Release */ = {
			isa = XCBuildConfiguration;
			buildSettings = {
				ALWAYS_SEARCH_USER_PATHS = NO;
				ASSETCATALOG_COMPILER_GENERATE_SWIFT_ASSET_SYMBOL_EXTENSIONS = YES;
				CLANG_ANALYZER_NONNULL = YES;
				CLANG_ANALYZER_NUMBER_OBJECT_CONVERSION = YES_AGGRESSIVE;
				CLANG_CXX_LANGUAGE_STANDARD = "gnu++20";
				CLANG_ENABLE_MODULES = YES;
				CLANG_ENABLE_OBJC_ARC = YES;
				CLANG_ENABLE_OBJC_WEAK = YES;
				CLANG_WARN_BLOCK_CAPTURE_AUTORELEASING = YES;
				CLANG_WARN_BOOL_CONVERSION = YES;
				CLANG_WARN_COMMA = YES;
				CLANG_WARN_CONSTANT_CONVERSION = YES;
				CLANG_WARN_DEPRECATED_OBJC_IMPLEMENTATIONS = YES;
				CLANG_WARN_DIRECT_OBJC_ISA_USAGE = YES_ERROR;
				CLANG_WARN_DOCUMENTATION_COMMENTS = YES;
				CLANG_WARN_EMPTY_BODY = YES;
				CLANG_WARN_ENUM_CONVERSION = YES;
				CLANG_WARN_INFINITE_RECURSION = YES;
				CLANG_WARN_INT_CONVERSION = YES;
				CLANG_WARN_NON_LITERAL_NULL_CONVERSION = YES;
				CLANG_WARN_OBJC_IMPLICIT_RETAIN_SELF = YES;
				CLANG_WARN_OBJC_LITERAL_CONVERSION = YES;
				CLANG_WARN_OBJC_ROOT_CLASS = YES_ERROR;
				CLANG_WARN_QUOTED_INCLUDE_IN_FRAMEWORK_HEADER = YES;
				CLANG_WARN_RANGE_LOOP_ANALYSIS = YES;
				CLANG_WARN_STRICT_PROTOTYPES = YES;
				CLANG_WARN_SUSPICIOUS_MOVE = YES;
				CLANG_WARN_UNGUARDED_AVAILABILITY = YES_AGGRESSIVE;
				CLANG_WARN_UNREACHABLE_CODE = YES;
				CLANG_WARN__DUPLICATE_METHOD_MATCH = YES;
				COPY_PHASE_STRIP = NO;
				DEBUG_INFORMATION_FORMAT = "dwarf-with-dsym";
				ENABLE_NS_ASSERTIONS = NO;
				ENABLE_STRICT_OBJC_MSGSEND = YES;
				ENABLE_USER_SCRIPT_SANDBOXING = YES;
				GCC_C_LANGUAGE_STANDARD = gnu17;
				GCC_NO_COMMON_BLOCKS = YES;
				GCC_WARN_64_TO_32_BIT_CONVERSION = YES;
				GCC_WARN_ABOUT_RETURN_TYPE = YES_ERROR;
				GCC_WARN_UNDECLARED_SELECTOR = YES;
				GCC_WARN_UNINITIALIZED_AUTOS = YES_AGGRESSIVE;
				GCC_WARN_UNUSED_FUNCTION = YES;
				GCC_WARN_UNUSED_VARIABLE = YES;
				IPHONEOS_DEPLOYMENT_TARGET = 17.2;
				LOCALIZATION_PREFERS_STRING_CATALOGS = YES;
				MTL_ENABLE_DEBUG_INFO = NO;
				MTL_FAST_MATH = YES;
				SDKROOT = iphoneos;
				SWIFT_COMPILATION_MODE = wholemodule;
				VALIDATE_PRODUCT = YES;
			};
			name = Release;
		};
		81D076A62C64827200ACE61E /* Debug */ = {
			isa = XCBuildConfiguration;
			buildSettings = {
				ASSETCATALOG_COMPILER_APPICON_NAME = AppIcon;
				ASSETCATALOG_COMPILER_GLOBAL_ACCENT_COLOR_NAME = AccentColor;
				CODE_SIGN_STYLE = Automatic;
				CURRENT_PROJECT_VERSION = 1;
				DEVELOPMENT_ASSET_PATHS = "\"LiveTrackingMapKit/Preview Content\"";
				DEVELOPMENT_TEAM = 96FXBFR33T;
				ENABLE_PREVIEWS = YES;
				GENERATE_INFOPLIST_FILE = YES;
				INFOPLIST_KEY_NSLocationWhenInUseUsageDescription = "Minta location bang";
				INFOPLIST_KEY_UIApplicationSceneManifest_Generation = YES;
				INFOPLIST_KEY_UIApplicationSupportsIndirectInputEvents = YES;
				INFOPLIST_KEY_UILaunchScreen_Generation = YES;
				INFOPLIST_KEY_UISupportedInterfaceOrientations_iPad = "UIInterfaceOrientationPortrait UIInterfaceOrientationPortraitUpsideDown UIInterfaceOrientationLandscapeLeft UIInterfaceOrientationLandscapeRight";
				INFOPLIST_KEY_UISupportedInterfaceOrientations_iPhone = "UIInterfaceOrientationPortrait UIInterfaceOrientationLandscapeLeft UIInterfaceOrientationLandscapeRight";
				LD_RUNPATH_SEARCH_PATHS = (
					"$(inherited)",
					"@executable_path/Frameworks",
				);
				MARKETING_VERSION = 1.0;
				PRODUCT_BUNDLE_IDENTIFIER = com.gvn.LiveTrackingMapKit;
				PRODUCT_NAME = "$(TARGET_NAME)";
				SWIFT_EMIT_LOC_STRINGS = YES;
				SWIFT_VERSION = 5.0;
				TARGETED_DEVICE_FAMILY = "1,2";
			};
			name = Debug;
		};
		81D076A72C64827200ACE61E /* Release */ = {
			isa = XCBuildConfiguration;
			buildSettings = {
				ASSETCATALOG_COMPILER_APPICON_NAME = AppIcon;
				ASSETCATALOG_COMPILER_GLOBAL_ACCENT_COLOR_NAME = AccentColor;
				CODE_SIGN_STYLE = Automatic;
				CURRENT_PROJECT_VERSION = 1;
				DEVELOPMENT_ASSET_PATHS = "\"LiveTrackingMapKit/Preview Content\"";
				DEVELOPMENT_TEAM = 96FXBFR33T;
				ENABLE_PREVIEWS = YES;
				GENERATE_INFOPLIST_FILE = YES;
				INFOPLIST_KEY_NSLocationWhenInUseUsageDescription = "Minta location bang";
				INFOPLIST_KEY_UIApplicationSceneManifest_Generation = YES;
				INFOPLIST_KEY_UIApplicationSupportsIndirectInputEvents = YES;
				INFOPLIST_KEY_UILaunchScreen_Generation = YES;
				INFOPLIST_KEY_UISupportedInterfaceOrientations_iPad = "UIInterfaceOrientationPortrait UIInterfaceOrientationPortraitUpsideDown UIInterfaceOrientationLandscapeLeft UIInterfaceOrientationLandscapeRight";
				INFOPLIST_KEY_UISupportedInterfaceOrientations_iPhone = "UIInterfaceOrientationPortrait UIInterfaceOrientationLandscapeLeft UIInterfaceOrientationLandscapeRight";
				LD_RUNPATH_SEARCH_PATHS = (
					"$(inherited)",
					"@executable_path/Frameworks",
				);
				MARKETING_VERSION = 1.0;
				PRODUCT_BUNDLE_IDENTIFIER = com.gvn.LiveTrackingMapKit;
				PRODUCT_NAME = "$(TARGET_NAME)";
				SWIFT_EMIT_LOC_STRINGS = YES;
				SWIFT_VERSION = 5.0;
				TARGETED_DEVICE_FAMILY = "1,2";
			};
			name = Release;
		};
		81D076A92C64827200ACE61E /* Debug */ = {
			isa = XCBuildConfiguration;
			buildSettings = {
				ALWAYS_EMBED_SWIFT_STANDARD_LIBRARIES = YES;
				BUNDLE_LOADER = "$(TEST_HOST)";
				CODE_SIGN_STYLE = Automatic;
				CURRENT_PROJECT_VERSION = 1;
				GENERATE_INFOPLIST_FILE = YES;
				IPHONEOS_DEPLOYMENT_TARGET = 17.2;
				MARKETING_VERSION = 1.0;
				PRODUCT_BUNDLE_IDENTIFIER = com.gvn.LiveTrackingMapKitTests;
				PRODUCT_NAME = "$(TARGET_NAME)";
				SWIFT_EMIT_LOC_STRINGS = NO;
				SWIFT_VERSION = 5.0;
				TARGETED_DEVICE_FAMILY = "1,2";
				TEST_HOST = "$(BUILT_PRODUCTS_DIR)/LiveTrackingMapKit.app/$(BUNDLE_EXECUTABLE_FOLDER_PATH)/LiveTrackingMapKit";
			};
			name = Debug;
		};
		81D076AA2C64827200ACE61E /* Release */ = {
			isa = XCBuildConfiguration;
			buildSettings = {
				ALWAYS_EMBED_SWIFT_STANDARD_LIBRARIES = YES;
				BUNDLE_LOADER = "$(TEST_HOST)";
				CODE_SIGN_STYLE = Automatic;
				CURRENT_PROJECT_VERSION = 1;
				GENERATE_INFOPLIST_FILE = YES;
				IPHONEOS_DEPLOYMENT_TARGET = 17.2;
				MARKETING_VERSION = 1.0;
				PRODUCT_BUNDLE_IDENTIFIER = com.gvn.LiveTrackingMapKitTests;
				PRODUCT_NAME = "$(TARGET_NAME)";
				SWIFT_EMIT_LOC_STRINGS = NO;
				SWIFT_VERSION = 5.0;
				TARGETED_DEVICE_FAMILY = "1,2";
				TEST_HOST = "$(BUILT_PRODUCTS_DIR)/LiveTrackingMapKit.app/$(BUNDLE_EXECUTABLE_FOLDER_PATH)/LiveTrackingMapKit";
			};
			name = Release;
		};
		81D076AC2C64827200ACE61E /* Debug */ = {
			isa = XCBuildConfiguration;
			buildSettings = {
				ALWAYS_EMBED_SWIFT_STANDARD_LIBRARIES = YES;
				CODE_SIGN_STYLE = Automatic;
				CURRENT_PROJECT_VERSION = 1;
				GENERATE_INFOPLIST_FILE = YES;
				MARKETING_VERSION = 1.0;
				PRODUCT_BUNDLE_IDENTIFIER = com.gvn.LiveTrackingMapKitUITests;
				PRODUCT_NAME = "$(TARGET_NAME)";
				SWIFT_EMIT_LOC_STRINGS = NO;
				SWIFT_VERSION = 5.0;
				TARGETED_DEVICE_FAMILY = "1,2";
				TEST_TARGET_NAME = LiveTrackingMapKit;
			};
			name = Debug;
		};
		81D076AD2C64827200ACE61E /* Release */ = {
			isa = XCBuildConfiguration;
			buildSettings = {
				ALWAYS_EMBED_SWIFT_STANDARD_LIBRARIES = YES;
				CODE_SIGN_STYLE = Automatic;
				CURRENT_PROJECT_VERSION = 1;
				GENERATE_INFOPLIST_FILE = YES;
				MARKETING_VERSION = 1.0;
				PRODUCT_BUNDLE_IDENTIFIER = com.gvn.LiveTrackingMapKitUITests;
				PRODUCT_NAME = "$(TARGET_NAME)";
				SWIFT_EMIT_LOC_STRINGS = NO;
				SWIFT_VERSION = 5.0;
				TARGETED_DEVICE_FAMILY = "1,2";
				TEST_TARGET_NAME = LiveTrackingMapKit;
			};
			name = Release;
		};
/* End XCBuildConfiguration section */

/* Begin XCConfigurationList section */
		81D0767C2C64826B00ACE61E /* Build configuration list for PBXProject "LiveTrackingMapKit" */ = {
			isa = XCConfigurationList;
			buildConfigurations = (
				81D076A32C64827200ACE61E /* Debug */,
				81D076A42C64827200ACE61E /* Release */,
			);
			defaultConfigurationIsVisible = 0;
			defaultConfigurationName = Release;
		};
		81D076A52C64827200ACE61E /* Build configuration list for PBXNativeTarget "LiveTrackingMapKit" */ = {
			isa = XCConfigurationList;
			buildConfigurations = (
				81D076A62C64827200ACE61E /* Debug */,
				81D076A72C64827200ACE61E /* Release */,
			);
			defaultConfigurationIsVisible = 0;
			defaultConfigurationName = Release;
		};
		81D076A82C64827200ACE61E /* Build configuration list for PBXNativeTarget "LiveTrackingMapKitTests" */ = {
			isa = XCConfigurationList;
			buildConfigurations = (
				81D076A92C64827200ACE61E /* Debug */,
				81D076AA2C64827200ACE61E /* Release */,
			);
			defaultConfigurationIsVisible = 0;
			defaultConfigurationName = Release;
		};
		81D076AB2C64827200ACE61E /* Build configuration list for PBXNativeTarget "LiveTrackingMapKitUITests" */ = {
			isa = XCConfigurationList;
			buildConfigurations = (
				81D076AC2C64827200ACE61E /* Debug */,
				81D076AD2C64827200ACE61E /* Release */,
			);
			defaultConfigurationIsVisible = 0;
			defaultConfigurationName = Release;
		};
/* End XCConfigurationList section */
	};
	rootObject = 81D076792C64826B00ACE61E /* Project object */;
}
